// !$*UTF8*$!
{
	archiveVersion = 1;
	classes = {
	};
	objectVersion = 46;
	objects = {

/* Begin PBXBuildFile section */
		9F244CFC1C8527D500A388F6 /* BBNetworkApiManager.m in Sources */ = {isa = PBXBuildFile; fileRef = 9F244CF91C8527D500A388F6 /* BBNetworkApiManager.m */; };
		9F244CFD1C8527D500A388F6 /* BBResponseSerializer.m in Sources */ = {isa = PBXBuildFile; fileRef = 9F244CFB1C8527D500A388F6 /* BBResponseSerializer.m */; };
		9F9394541C8893C9009E6DDF /* BBStepCountingMainViewController.m in Sources */ = {isa = PBXBuildFile; fileRef = 9F9394531C8893C9009E6DDF /* BBStepCountingMainViewController.m */; };
		9F93945A1C88946F009E6DDF /* BBStepCountingManager.m in Sources */ = {isa = PBXBuildFile; fileRef = 9F9394591C88946F009E6DDF /* BBStepCountingManager.m */; };
		9F93945F1C88968D009E6DDF /* BBStepCountingService.m in Sources */ = {isa = PBXBuildFile; fileRef = 9F93945E1C88968D009E6DDF /* BBStepCountingService.m */; };
		9F93946B1C88AC48009E6DDF /* BBNotificationDefine.m in Sources */ = {isa = PBXBuildFile; fileRef = 9F93946A1C88AC48009E6DDF /* BBNotificationDefine.m */; };
		9F9394731C88AC80009E6DDF /* BasketballUITests.m in Sources */ = {isa = PBXBuildFile; fileRef = 9F9394721C88AC80009E6DDF /* BasketballUITests.m */; };
		9F9394811C88AC8C009E6DDF /* BasketballTests.m in Sources */ = {isa = PBXBuildFile; fileRef = 9F9394801C88AC8C009E6DDF /* BasketballTests.m */; };
		9F9617CE1C83E9440078FB3C /* AppDelegate.m in Sources */ = {isa = PBXBuildFile; fileRef = 9F9617B61C83E9440078FB3C /* AppDelegate.m */; };
		9F9617CF1C83E9440078FB3C /* Assets.xcassets in Resources */ = {isa = PBXBuildFile; fileRef = 9F9617C31C83E9440078FB3C /* Assets.xcassets */; };
		9F9617D01C83E9440078FB3C /* LaunchScreen.storyboard in Resources */ = {isa = PBXBuildFile; fileRef = 9F9617C61C83E9440078FB3C /* LaunchScreen.storyboard */; };
		9F9617D21C83E9440078FB3C /* main.m in Sources */ = {isa = PBXBuildFile; fileRef = 9F9617C91C83E9440078FB3C /* main.m */; };
		9F9617D51C83ED860078FB3C /* BBTabBarController.m in Sources */ = {isa = PBXBuildFile; fileRef = 9F9617D41C83ED860078FB3C /* BBTabBarController.m */; };
		9F9617D81C83EDC60078FB3C /* BBModel.m in Sources */ = {isa = PBXBuildFile; fileRef = 9F9617D71C83EDC60078FB3C /* BBModel.m */; };
		9F9617DB1C83EDEE0078FB3C /* BBBaseViewController.m in Sources */ = {isa = PBXBuildFile; fileRef = 9F9617DA1C83EDEE0078FB3C /* BBBaseViewController.m */; };
		9F9617DE1C83EF400078FB3C /* BBTabBar.m in Sources */ = {isa = PBXBuildFile; fileRef = 9F9617DD1C83EF400078FB3C /* BBTabBar.m */; };
		9F9617E11C83F17A0078FB3C /* BBNavigationController.m in Sources */ = {isa = PBXBuildFile; fileRef = 9F9617E01C83F17A0078FB3C /* BBNavigationController.m */; };
		C5E74E3DA4A5DA3AF36C461C /* Pods_Basketball.framework in Frameworks */ = {isa = PBXBuildFile; fileRef = 882AC8BAE67A1F277B460457 /* Pods_Basketball.framework */; };
/* End PBXBuildFile section */

/* Begin PBXContainerItemProxy section */
		9F9394751C88AC80009E6DDF /* PBXContainerItemProxy */ = {
			isa = PBXContainerItemProxy;
			containerPortal = 9F96175F1C83D6B00078FB3C /* Project object */;
			proxyType = 1;
			remoteGlobalIDString = 9F9617661C83D6B00078FB3C;
			remoteInfo = Basketball;
		};
		9F9394831C88AC8C009E6DDF /* PBXContainerItemProxy */ = {
			isa = PBXContainerItemProxy;
			containerPortal = 9F96175F1C83D6B00078FB3C /* Project object */;
			proxyType = 1;
			remoteGlobalIDString = 9F9617661C83D6B00078FB3C;
			remoteInfo = Basketball;
		};
/* End PBXContainerItemProxy section */

/* Begin PBXFileReference section */
		0D1289D0FCCF9F7A978AF9AA /* Pods-Basketball.release.xcconfig */ = {isa = PBXFileReference; includeInIndex = 1; lastKnownFileType = text.xcconfig; name = "Pods-Basketball.release.xcconfig"; path = "Pods/Target Support Files/Pods-Basketball/Pods-Basketball.release.xcconfig"; sourceTree = "<group>"; };
		18ABF8C91032569967FB7FD3 /* Pods-BasketballUITests.release.xcconfig */ = {isa = PBXFileReference; includeInIndex = 1; lastKnownFileType = text.xcconfig; name = "Pods-BasketballUITests.release.xcconfig"; path = "Pods/Target Support Files/Pods-BasketballUITests/Pods-BasketballUITests.release.xcconfig"; sourceTree = "<group>"; };
		24DCE818E35F87A15C9DF53C /* Pods_BasketballUITests.framework */ = {isa = PBXFileReference; explicitFileType = wrapper.framework; includeInIndex = 0; path = Pods_BasketballUITests.framework; sourceTree = BUILT_PRODUCTS_DIR; };
		2EBBCE8ECFBB1AC10586E808 /* Pods-BasketballTests.debug.xcconfig */ = {isa = PBXFileReference; includeInIndex = 1; lastKnownFileType = text.xcconfig; name = "Pods-BasketballTests.debug.xcconfig"; path = "Pods/Target Support Files/Pods-BasketballTests/Pods-BasketballTests.debug.xcconfig"; sourceTree = "<group>"; };
		660EF624F264D7C9E5A7DE97 /* Pods-Basketball.debug.xcconfig */ = {isa = PBXFileReference; includeInIndex = 1; lastKnownFileType = text.xcconfig; name = "Pods-Basketball.debug.xcconfig"; path = "Pods/Target Support Files/Pods-Basketball/Pods-Basketball.debug.xcconfig"; sourceTree = "<group>"; };
		882AC8BAE67A1F277B460457 /* Pods_Basketball.framework */ = {isa = PBXFileReference; explicitFileType = wrapper.framework; includeInIndex = 0; path = Pods_Basketball.framework; sourceTree = BUILT_PRODUCTS_DIR; };
		887329AE799F0622598BBE5B /* Pods_BasketballTests.framework */ = {isa = PBXFileReference; explicitFileType = wrapper.framework; includeInIndex = 0; path = Pods_BasketballTests.framework; sourceTree = BUILT_PRODUCTS_DIR; };
		9F244CF41C85279000A388F6 /* RACEXTScope.h */ = {isa = PBXFileReference; fileEncoding = 4; lastKnownFileType = sourcecode.c.h; path = RACEXTScope.h; sourceTree = "<group>"; };
		9F244CF51C85279000A388F6 /* RACmetamacros.h */ = {isa = PBXFileReference; fileEncoding = 4; lastKnownFileType = sourcecode.c.h; path = RACmetamacros.h; sourceTree = "<group>"; };
		9F244CF71C8527D500A388F6 /* BBNetworkAddress.h */ = {isa = PBXFileReference; fileEncoding = 4; lastKnownFileType = sourcecode.c.h; path = BBNetworkAddress.h; sourceTree = "<group>"; };
		9F244CF81C8527D500A388F6 /* BBNetworkApiManager.h */ = {isa = PBXFileReference; fileEncoding = 4; lastKnownFileType = sourcecode.c.h; path = BBNetworkApiManager.h; sourceTree = "<group>"; };
		9F244CF91C8527D500A388F6 /* BBNetworkApiManager.m */ = {isa = PBXFileReference; fileEncoding = 4; lastKnownFileType = sourcecode.c.objc; path = BBNetworkApiManager.m; sourceTree = "<group>"; };
		9F244CFA1C8527D500A388F6 /* BBResponseSerializer.h */ = {isa = PBXFileReference; fileEncoding = 4; lastKnownFileType = sourcecode.c.h; path = BBResponseSerializer.h; sourceTree = "<group>"; };
		9F244CFB1C8527D500A388F6 /* BBResponseSerializer.m */ = {isa = PBXFileReference; fileEncoding = 4; lastKnownFileType = sourcecode.c.objc; path = BBResponseSerializer.m; sourceTree = "<group>"; };
		9F9394521C8893C9009E6DDF /* BBStepCountingMainViewController.h */ = {isa = PBXFileReference; fileEncoding = 4; lastKnownFileType = sourcecode.c.h; name = BBStepCountingMainViewController.h; path = Basketball/AppModules/StepCounting/Controllers/BBStepCountingMainViewController.h; sourceTree = SOURCE_ROOT; };
		9F9394531C8893C9009E6DDF /* BBStepCountingMainViewController.m */ = {isa = PBXFileReference; fileEncoding = 4; lastKnownFileType = sourcecode.c.objc; name = BBStepCountingMainViewController.m; path = Basketball/AppModules/StepCounting/Controllers/BBStepCountingMainViewController.m; sourceTree = SOURCE_ROOT; };
		9F9394581C88946F009E6DDF /* BBStepCountingManager.h */ = {isa = PBXFileReference; fileEncoding = 4; lastKnownFileType = sourcecode.c.h; name = BBStepCountingManager.h; path = StepCounting/BBStepCountingManager.h; sourceTree = "<group>"; };
		9F9394591C88946F009E6DDF /* BBStepCountingManager.m */ = {isa = PBXFileReference; fileEncoding = 4; lastKnownFileType = sourcecode.c.objc; name = BBStepCountingManager.m; path = StepCounting/BBStepCountingManager.m; sourceTree = "<group>"; };
		9F93945D1C88968D009E6DDF /* BBStepCountingService.h */ = {isa = PBXFileReference; fileEncoding = 4; lastKnownFileType = sourcecode.c.h; name = BBStepCountingService.h; path = StepCounting/BBStepCountingService.h; sourceTree = "<group>"; };
		9F93945E1C88968D009E6DDF /* BBStepCountingService.m */ = {isa = PBXFileReference; fileEncoding = 4; lastKnownFileType = sourcecode.c.objc; name = BBStepCountingService.m; path = StepCounting/BBStepCountingService.m; sourceTree = "<group>"; };
		9F9394631C88A48B009E6DDF /* BBNotificationDefine.h */ = {isa = PBXFileReference; lastKnownFileType = sourcecode.c.h; name = BBNotificationDefine.h; path = Notification/BBNotificationDefine.h; sourceTree = "<group>"; };
		9F93946A1C88AC48009E6DDF /* BBNotificationDefine.m */ = {isa = PBXFileReference; fileEncoding = 4; lastKnownFileType = sourcecode.c.objc; name = BBNotificationDefine.m; path = Notification/BBNotificationDefine.m; sourceTree = "<group>"; };
		9F9394701C88AC80009E6DDF /* BasketballUITests.xctest */ = {isa = PBXFileReference; explicitFileType = wrapper.cfbundle; includeInIndex = 0; path = BasketballUITests.xctest; sourceTree = BUILT_PRODUCTS_DIR; };
		9F9394721C88AC80009E6DDF /* BasketballUITests.m */ = {isa = PBXFileReference; lastKnownFileType = sourcecode.c.objc; path = BasketballUITests.m; sourceTree = "<group>"; };
		9F9394741C88AC80009E6DDF /* Info.plist */ = {isa = PBXFileReference; lastKnownFileType = text.plist.xml; path = Info.plist; sourceTree = "<group>"; };
		9F93947E1C88AC8C009E6DDF /* BasketballTests.xctest */ = {isa = PBXFileReference; explicitFileType = wrapper.cfbundle; includeInIndex = 0; path = BasketballTests.xctest; sourceTree = BUILT_PRODUCTS_DIR; };
		9F9394801C88AC8C009E6DDF /* BasketballTests.m */ = {isa = PBXFileReference; lastKnownFileType = sourcecode.c.objc; path = BasketballTests.m; sourceTree = "<group>"; };
		9F9394821C88AC8C009E6DDF /* Info.plist */ = {isa = PBXFileReference; lastKnownFileType = text.plist.xml; path = Info.plist; sourceTree = "<group>"; };
		9F9617671C83D6B00078FB3C /* Basketball.app */ = {isa = PBXFileReference; explicitFileType = wrapper.application; includeInIndex = 0; path = Basketball.app; sourceTree = BUILT_PRODUCTS_DIR; };
		9F9617B51C83E9440078FB3C /* AppDelegate.h */ = {isa = PBXFileReference; fileEncoding = 4; lastKnownFileType = sourcecode.c.h; path = AppDelegate.h; sourceTree = "<group>"; };
		9F9617B61C83E9440078FB3C /* AppDelegate.m */ = {isa = PBXFileReference; fileEncoding = 4; lastKnownFileType = sourcecode.c.objc; path = AppDelegate.m; sourceTree = "<group>"; };
		9F9617C31C83E9440078FB3C /* Assets.xcassets */ = {isa = PBXFileReference; lastKnownFileType = folder.assetcatalog; path = Assets.xcassets; sourceTree = "<group>"; };
		9F9617C71C83E9440078FB3C /* Base */ = {isa = PBXFileReference; lastKnownFileType = file.storyboard; name = Base; path = Base.lproj/LaunchScreen.storyboard; sourceTree = "<group>"; };
		9F9617C81C83E9440078FB3C /* Info.plist */ = {isa = PBXFileReference; fileEncoding = 4; lastKnownFileType = text.plist.xml; path = Info.plist; sourceTree = "<group>"; };
		9F9617C91C83E9440078FB3C /* main.m */ = {isa = PBXFileReference; fileEncoding = 4; lastKnownFileType = sourcecode.c.objc; path = main.m; sourceTree = "<group>"; };
		9F9617D31C83ED860078FB3C /* BBTabBarController.h */ = {isa = PBXFileReference; fileEncoding = 4; lastKnownFileType = sourcecode.c.h; path = BBTabBarController.h; sourceTree = "<group>"; };
		9F9617D41C83ED860078FB3C /* BBTabBarController.m */ = {isa = PBXFileReference; fileEncoding = 4; lastKnownFileType = sourcecode.c.objc; path = BBTabBarController.m; sourceTree = "<group>"; };
		9F9617D61C83EDC60078FB3C /* BBModel.h */ = {isa = PBXFileReference; fileEncoding = 4; lastKnownFileType = sourcecode.c.h; path = BBModel.h; sourceTree = "<group>"; };
		9F9617D71C83EDC60078FB3C /* BBModel.m */ = {isa = PBXFileReference; fileEncoding = 4; lastKnownFileType = sourcecode.c.objc; path = BBModel.m; sourceTree = "<group>"; };
		9F9617D91C83EDEE0078FB3C /* BBBaseViewController.h */ = {isa = PBXFileReference; fileEncoding = 4; lastKnownFileType = sourcecode.c.h; path = BBBaseViewController.h; sourceTree = "<group>"; };
		9F9617DA1C83EDEE0078FB3C /* BBBaseViewController.m */ = {isa = PBXFileReference; fileEncoding = 4; lastKnownFileType = sourcecode.c.objc; path = BBBaseViewController.m; sourceTree = "<group>"; };
		9F9617DC1C83EF400078FB3C /* BBTabBar.h */ = {isa = PBXFileReference; fileEncoding = 4; lastKnownFileType = sourcecode.c.h; path = BBTabBar.h; sourceTree = "<group>"; };
		9F9617DD1C83EF400078FB3C /* BBTabBar.m */ = {isa = PBXFileReference; fileEncoding = 4; lastKnownFileType = sourcecode.c.objc; path = BBTabBar.m; sourceTree = "<group>"; };
		9F9617DF1C83F17A0078FB3C /* BBNavigationController.h */ = {isa = PBXFileReference; fileEncoding = 4; lastKnownFileType = sourcecode.c.h; path = BBNavigationController.h; sourceTree = "<group>"; };
		9F9617E01C83F17A0078FB3C /* BBNavigationController.m */ = {isa = PBXFileReference; fileEncoding = 4; lastKnownFileType = sourcecode.c.objc; path = BBNavigationController.m; sourceTree = "<group>"; };
		9F9617E21C83F26E0078FB3C /* PrefixHeader.pch */ = {isa = PBXFileReference; fileEncoding = 4; lastKnownFileType = sourcecode.c.h; path = PrefixHeader.pch; sourceTree = "<group>"; };
		9F9617E31C841B470078FB3C /* Macros.h */ = {isa = PBXFileReference; fileEncoding = 4; lastKnownFileType = sourcecode.c.h; path = Macros.h; sourceTree = "<group>"; };
		A8F627D85FA2A7BB946462FE /* Pods-BasketballUITests.debug.xcconfig */ = {isa = PBXFileReference; includeInIndex = 1; lastKnownFileType = text.xcconfig; name = "Pods-BasketballUITests.debug.xcconfig"; path = "Pods/Target Support Files/Pods-BasketballUITests/Pods-BasketballUITests.debug.xcconfig"; sourceTree = "<group>"; };
		FE2921DAFA9666A4CD058F6E /* Pods-BasketballTests.release.xcconfig */ = {isa = PBXFileReference; includeInIndex = 1; lastKnownFileType = text.xcconfig; name = "Pods-BasketballTests.release.xcconfig"; path = "Pods/Target Support Files/Pods-BasketballTests/Pods-BasketballTests.release.xcconfig"; sourceTree = "<group>"; };
/* End PBXFileReference section */

/* Begin PBXFrameworksBuildPhase section */
		9F93946D1C88AC80009E6DDF /* Frameworks */ = {
			isa = PBXFrameworksBuildPhase;
			buildActionMask = 2147483647;
			files = (
			);
			runOnlyForDeploymentPostprocessing = 0;
		};
		9F93947B1C88AC8C009E6DDF /* Frameworks */ = {
			isa = PBXFrameworksBuildPhase;
			buildActionMask = 2147483647;
			files = (
			);
			runOnlyForDeploymentPostprocessing = 0;
		};
		9F9617641C83D6B00078FB3C /* Frameworks */ = {
			isa = PBXFrameworksBuildPhase;
			buildActionMask = 2147483647;
			files = (
				C5E74E3DA4A5DA3AF36C461C /* Pods_Basketball.framework in Frameworks */,
			);
			runOnlyForDeploymentPostprocessing = 0;
		};
/* End PBXFrameworksBuildPhase section */

/* Begin PBXGroup section */
		9F244CF21C85279000A388F6 /* Constant */ = {
			isa = PBXGroup;
			children = (
				9F244CF31C85279000A388F6 /* RACExtObjc */,
			);
			path = Constant;
			sourceTree = "<group>";
		};
		9F244CF31C85279000A388F6 /* RACExtObjc */ = {
			isa = PBXGroup;
			children = (
				9F244CF41C85279000A388F6 /* RACEXTScope.h */,
				9F244CF51C85279000A388F6 /* RACmetamacros.h */,
			);
			path = RACExtObjc;
			sourceTree = "<group>";
		};
		9F244CF61C8527D500A388F6 /* Networking */ = {
			isa = PBXGroup;
			children = (
				9F244CF71C8527D500A388F6 /* BBNetworkAddress.h */,
				9F244CF81C8527D500A388F6 /* BBNetworkApiManager.h */,
				9F244CF91C8527D500A388F6 /* BBNetworkApiManager.m */,
				9F244CFA1C8527D500A388F6 /* BBResponseSerializer.h */,
				9F244CFB1C8527D500A388F6 /* BBResponseSerializer.m */,
			);
			path = Networking;
			sourceTree = "<group>";
		};
		9F9394571C889416009E6DDF /* StepCounting */ = {
			isa = PBXGroup;
			children = (
				9F9394581C88946F009E6DDF /* BBStepCountingManager.h */,
				9F9394591C88946F009E6DDF /* BBStepCountingManager.m */,
				9F93945D1C88968D009E6DDF /* BBStepCountingService.h */,
				9F93945E1C88968D009E6DDF /* BBStepCountingService.m */,
			);
			name = StepCounting;
			sourceTree = "<group>";
		};
		9F9394621C88A43C009E6DDF /* Notification */ = {
			isa = PBXGroup;
			children = (
				9F9394631C88A48B009E6DDF /* BBNotificationDefine.h */,
				9F93946A1C88AC48009E6DDF /* BBNotificationDefine.m */,
			);
			name = Notification;
			sourceTree = "<group>";
		};
		9F9394711C88AC80009E6DDF /* BasketballUITests */ = {
			isa = PBXGroup;
			children = (
				9F9394721C88AC80009E6DDF /* BasketballUITests.m */,
				9F9394741C88AC80009E6DDF /* Info.plist */,
			);
			path = BasketballUITests;
			sourceTree = "<group>";
		};
		9F93947F1C88AC8C009E6DDF /* BasketballTests */ = {
			isa = PBXGroup;
			children = (
				9F9394801C88AC8C009E6DDF /* BasketballTests.m */,
				9F9394821C88AC8C009E6DDF /* Info.plist */,
			);
			path = BasketballTests;
			sourceTree = "<group>";
		};
		9F96175E1C83D6B00078FB3C = {
			isa = PBXGroup;
			children = (
				9F9617691C83D6B00078FB3C /* Basketball */,
				9F9394711C88AC80009E6DDF /* BasketballUITests */,
				9F93947F1C88AC8C009E6DDF /* BasketballTests */,
				9F9617681C83D6B00078FB3C /* Products */,
				C4730757E71590C0C361FDFC /* Pods */,
				CC3696FEECE8FADBF2461180 /* Frameworks */,
			);
			sourceTree = "<group>";
		};
		9F9617681C83D6B00078FB3C /* Products */ = {
			isa = PBXGroup;
			children = (
				9F9617671C83D6B00078FB3C /* Basketball.app */,
				9F9394701C88AC80009E6DDF /* BasketballUITests.xctest */,
				9F93947E1C88AC8C009E6DDF /* BasketballTests.xctest */,
			);
			name = Products;
			sourceTree = "<group>";
		};
		9F9617691C83D6B00078FB3C /* Basketball */ = {
			isa = PBXGroup;
			children = (
				9F9617B41C83E9440078FB3C /* Appdelegate */,
				9F9617CB1C83E9440078FB3C /* Vendors */,
				9F9617CA1C83E9440078FB3C /* Utils */,
				9F9617B71C83E9440078FB3C /* AppModules */,
				9F9617C41C83E9440078FB3C /* Services */,
				9F9617C21C83E9440078FB3C /* Resources */,
				9F9617C51C83E9440078FB3C /* SupportingFiles */,
			);
			path = Basketball;
			sourceTree = "<group>";
		};
		9F9617B41C83E9440078FB3C /* Appdelegate */ = {
			isa = PBXGroup;
			children = (
				9F9617B51C83E9440078FB3C /* AppDelegate.h */,
				9F9617B61C83E9440078FB3C /* AppDelegate.m */,
			);
			path = Appdelegate;
			sourceTree = "<group>";
		};
		9F9617B71C83E9440078FB3C /* AppModules */ = {
			isa = PBXGroup;
			children = (
				9F9617B81C83E9440078FB3C /* Base */,
				9F9617BD1C83E9440078FB3C /* Sport */,
			);
			path = AppModules;
			sourceTree = "<group>";
		};
		9F9617B81C83E9440078FB3C /* Base */ = {
			isa = PBXGroup;
			children = (
				9F9617B91C83E9440078FB3C /* Controllers */,
				9F9617BA1C83E9440078FB3C /* Models */,
				9F9617BC1C83E9440078FB3C /* Views */,
				9F9617BB1C83E9440078FB3C /* Other */,
			);
			path = Base;
			sourceTree = "<group>";
		};
		9F9617B91C83E9440078FB3C /* Controllers */ = {
			isa = PBXGroup;
			children = (
				9F9617D31C83ED860078FB3C /* BBTabBarController.h */,
				9F9617D41C83ED860078FB3C /* BBTabBarController.m */,
				9F9617D91C83EDEE0078FB3C /* BBBaseViewController.h */,
				9F9617DA1C83EDEE0078FB3C /* BBBaseViewController.m */,
				9F9617DF1C83F17A0078FB3C /* BBNavigationController.h */,
				9F9617E01C83F17A0078FB3C /* BBNavigationController.m */,
			);
			path = Controllers;
			sourceTree = "<group>";
		};
		9F9617BA1C83E9440078FB3C /* Models */ = {
			isa = PBXGroup;
			children = (
				9F9617D61C83EDC60078FB3C /* BBModel.h */,
				9F9617D71C83EDC60078FB3C /* BBModel.m */,
			);
			path = Models;
			sourceTree = "<group>";
		};
		9F9617BB1C83E9440078FB3C /* Other */ = {
			isa = PBXGroup;
			children = (
			);
			path = Other;
			sourceTree = "<group>";
		};
		9F9617BC1C83E9440078FB3C /* Views */ = {
			isa = PBXGroup;
			children = (
				9F9617DC1C83EF400078FB3C /* BBTabBar.h */,
				9F9617DD1C83EF400078FB3C /* BBTabBar.m */,
			);
			path = Views;
			sourceTree = "<group>";
		};
		9F9617BD1C83E9440078FB3C /* Sport */ = {
			isa = PBXGroup;
			children = (
				9F9617BE1C83E9440078FB3C /* Controllers */,
				9F9617BF1C83E9440078FB3C /* Models */,
				9F9617C01C83E9440078FB3C /* Other */,
				9F9617C11C83E9440078FB3C /* Views */,
			);
			path = Sport;
			sourceTree = "<group>";
		};
		9F9617BE1C83E9440078FB3C /* Controllers */ = {
			isa = PBXGroup;
			children = (
				9F9394521C8893C9009E6DDF /* BBStepCountingMainViewController.h */,
				9F9394531C8893C9009E6DDF /* BBStepCountingMainViewController.m */,
			);
			path = Controllers;
			sourceTree = "<group>";
		};
		9F9617BF1C83E9440078FB3C /* Models */ = {
			isa = PBXGroup;
			children = (
			);
			path = Models;
			sourceTree = "<group>";
		};
		9F9617C01C83E9440078FB3C /* Other */ = {
			isa = PBXGroup;
			children = (
			);
			path = Other;
			sourceTree = "<group>";
		};
		9F9617C11C83E9440078FB3C /* Views */ = {
			isa = PBXGroup;
			children = (
			);
			path = Views;
			sourceTree = "<group>";
		};
		9F9617C21C83E9440078FB3C /* Resources */ = {
			isa = PBXGroup;
			children = (
				9F9617C31C83E9440078FB3C /* Assets.xcassets */,
			);
			path = Resources;
			sourceTree = "<group>";
		};
		9F9617C41C83E9440078FB3C /* Services */ = {
			isa = PBXGroup;
			children = (
				9F9394621C88A43C009E6DDF /* Notification */,
				9F9394571C889416009E6DDF /* StepCounting */,
				9F244CF61C8527D500A388F6 /* Networking */,
			);
			path = Services;
			sourceTree = "<group>";
		};
		9F9617C51C83E9440078FB3C /* SupportingFiles */ = {
			isa = PBXGroup;
			children = (
				9F9617C61C83E9440078FB3C /* LaunchScreen.storyboard */,
				9F9617C81C83E9440078FB3C /* Info.plist */,
				9F9617C91C83E9440078FB3C /* main.m */,
				9F9617E21C83F26E0078FB3C /* PrefixHeader.pch */,
			);
			path = SupportingFiles;
			sourceTree = "<group>";
		};
		9F9617CA1C83E9440078FB3C /* Utils */ = {
			isa = PBXGroup;
			children = (
				9F9617E31C841B470078FB3C /* Macros.h */,
			);
			path = Utils;
			sourceTree = "<group>";
		};
		9F9617CB1C83E9440078FB3C /* Vendors */ = {
			isa = PBXGroup;
			children = (
				9F244CF21C85279000A388F6 /* Constant */,
			);
			path = Vendors;
			sourceTree = "<group>";
		};
		C4730757E71590C0C361FDFC /* Pods */ = {
			isa = PBXGroup;
			children = (
				660EF624F264D7C9E5A7DE97 /* Pods-Basketball.debug.xcconfig */,
				0D1289D0FCCF9F7A978AF9AA /* Pods-Basketball.release.xcconfig */,
				2EBBCE8ECFBB1AC10586E808 /* Pods-BasketballTests.debug.xcconfig */,
				FE2921DAFA9666A4CD058F6E /* Pods-BasketballTests.release.xcconfig */,
				A8F627D85FA2A7BB946462FE /* Pods-BasketballUITests.debug.xcconfig */,
				18ABF8C91032569967FB7FD3 /* Pods-BasketballUITests.release.xcconfig */,
			);
			name = Pods;
			sourceTree = "<group>";
		};
		CC3696FEECE8FADBF2461180 /* Frameworks */ = {
			isa = PBXGroup;
			children = (
				882AC8BAE67A1F277B460457 /* Pods_Basketball.framework */,
				887329AE799F0622598BBE5B /* Pods_BasketballTests.framework */,
				24DCE818E35F87A15C9DF53C /* Pods_BasketballUITests.framework */,
			);
			name = Frameworks;
			sourceTree = "<group>";
		};
/* End PBXGroup section */

/* Begin PBXNativeTarget section */
		9F93946F1C88AC80009E6DDF /* BasketballUITests */ = {
			isa = PBXNativeTarget;
			buildConfigurationList = 9F9394771C88AC80009E6DDF /* Build configuration list for PBXNativeTarget "BasketballUITests" */;
			buildPhases = (
				9F93946C1C88AC80009E6DDF /* Sources */,
				9F93946D1C88AC80009E6DDF /* Frameworks */,
				9F93946E1C88AC80009E6DDF /* Resources */,
			);
			buildRules = (
			);
			dependencies = (
				9F9394761C88AC80009E6DDF /* PBXTargetDependency */,
			);
			name = BasketballUITests;
			productName = BasketballUITests;
			productReference = 9F9394701C88AC80009E6DDF /* BasketballUITests.xctest */;
			productType = "com.apple.product-type.bundle.ui-testing";
		};
		9F93947D1C88AC8C009E6DDF /* BasketballTests */ = {
			isa = PBXNativeTarget;
			buildConfigurationList = 9F9394851C88AC8C009E6DDF /* Build configuration list for PBXNativeTarget "BasketballTests" */;
			buildPhases = (
				9F93947A1C88AC8C009E6DDF /* Sources */,
				9F93947B1C88AC8C009E6DDF /* Frameworks */,
				9F93947C1C88AC8C009E6DDF /* Resources */,
			);
			buildRules = (
			);
			dependencies = (
				9F9394841C88AC8C009E6DDF /* PBXTargetDependency */,
			);
			name = BasketballTests;
			productName = BasketballTests;
			productReference = 9F93947E1C88AC8C009E6DDF /* BasketballTests.xctest */;
			productType = "com.apple.product-type.bundle.unit-test";
		};
		9F9617661C83D6B00078FB3C /* Basketball */ = {
			isa = PBXNativeTarget;
			buildConfigurationList = 9F9617941C83D6B10078FB3C /* Build configuration list for PBXNativeTarget "Basketball" */;
			buildPhases = (
				37A70C14040D45170F995203 /* Check Pods Manifest.lock */,
				9F9617631C83D6B00078FB3C /* Sources */,
				9F9617641C83D6B00078FB3C /* Frameworks */,
				9F9617651C83D6B00078FB3C /* Resources */,
				BF783BFBFCB8A7254E36F2A9 /* Embed Pods Frameworks */,
				0D6EF2060EF78E97E15C7F3F /* Copy Pods Resources */,
			);
			buildRules = (
			);
			dependencies = (
			);
			name = Basketball;
			productName = Basketball;
			productReference = 9F9617671C83D6B00078FB3C /* Basketball.app */;
			productType = "com.apple.product-type.application";
		};
/* End PBXNativeTarget section */

/* Begin PBXProject section */
		9F96175F1C83D6B00078FB3C /* Project object */ = {
			isa = PBXProject;
			attributes = {
				LastUpgradeCheck = 0720;
				ORGANIZATIONNAME = wgl;
				TargetAttributes = {
					9F93946F1C88AC80009E6DDF = {
						CreatedOnToolsVersion = 7.2;
						TestTargetID = 9F9617661C83D6B00078FB3C;
					};
					9F93947D1C88AC8C009E6DDF = {
						CreatedOnToolsVersion = 7.2;
						TestTargetID = 9F9617661C83D6B00078FB3C;
					};
					9F9617661C83D6B00078FB3C = {
						CreatedOnToolsVersion = 7.2;
						DevelopmentTeam = JX5LFX27DB;
					};
				};
			};
			buildConfigurationList = 9F9617621C83D6B00078FB3C /* Build configuration list for PBXProject "Basketball" */;
			compatibilityVersion = "Xcode 3.2";
			developmentRegion = English;
			hasScannedForEncodings = 0;
			knownRegions = (
				en,
				Base,
			);
			mainGroup = 9F96175E1C83D6B00078FB3C;
			productRefGroup = 9F9617681C83D6B00078FB3C /* Products */;
			projectDirPath = "";
			projectRoot = "";
			targets = (
				9F9617661C83D6B00078FB3C /* Basketball */,
				9F93946F1C88AC80009E6DDF /* BasketballUITests */,
				9F93947D1C88AC8C009E6DDF /* BasketballTests */,
			);
		};
/* End PBXProject section */

/* Begin PBXResourcesBuildPhase section */
		9F93946E1C88AC80009E6DDF /* Resources */ = {
			isa = PBXResourcesBuildPhase;
			buildActionMask = 2147483647;
			files = (
			);
			runOnlyForDeploymentPostprocessing = 0;
		};
		9F93947C1C88AC8C009E6DDF /* Resources */ = {
			isa = PBXResourcesBuildPhase;
			buildActionMask = 2147483647;
			files = (
			);
			runOnlyForDeploymentPostprocessing = 0;
		};
		9F9617651C83D6B00078FB3C /* Resources */ = {
			isa = PBXResourcesBuildPhase;
			buildActionMask = 2147483647;
			files = (
				9F9617CF1C83E9440078FB3C /* Assets.xcassets in Resources */,
				9F9617D01C83E9440078FB3C /* LaunchScreen.storyboard in Resources */,
			);
			runOnlyForDeploymentPostprocessing = 0;
		};
/* End PBXResourcesBuildPhase section */

/* Begin PBXShellScriptBuildPhase section */
		0D6EF2060EF78E97E15C7F3F /* Copy Pods Resources */ = {
			isa = PBXShellScriptBuildPhase;
			buildActionMask = 2147483647;
			files = (
			);
			inputPaths = (
			);
			name = "Copy Pods Resources";
			outputPaths = (
			);
			runOnlyForDeploymentPostprocessing = 0;
			shellPath = /bin/sh;
			shellScript = "\"${SRCROOT}/Pods/Target Support Files/Pods-Basketball/Pods-Basketball-resources.sh\"\n";
			showEnvVarsInLog = 0;
		};
		37A70C14040D45170F995203 /* Check Pods Manifest.lock */ = {
			isa = PBXShellScriptBuildPhase;
			buildActionMask = 2147483647;
			files = (
			);
			inputPaths = (
			);
			name = "Check Pods Manifest.lock";
			outputPaths = (
			);
			runOnlyForDeploymentPostprocessing = 0;
			shellPath = /bin/sh;
			shellScript = "diff \"${PODS_ROOT}/../Podfile.lock\" \"${PODS_ROOT}/Manifest.lock\" > /dev/null\nif [[ $? != 0 ]] ; then\n    cat << EOM\nerror: The sandbox is not in sync with the Podfile.lock. Run 'pod install' or update your CocoaPods installation.\nEOM\n    exit 1\nfi\n";
			showEnvVarsInLog = 0;
		};
		BF783BFBFCB8A7254E36F2A9 /* Embed Pods Frameworks */ = {
			isa = PBXShellScriptBuildPhase;
			buildActionMask = 2147483647;
			files = (
			);
			inputPaths = (
			);
			name = "Embed Pods Frameworks";
			outputPaths = (
			);
			runOnlyForDeploymentPostprocessing = 0;
			shellPath = /bin/sh;
			shellScript = "\"${SRCROOT}/Pods/Target Support Files/Pods-Basketball/Pods-Basketball-frameworks.sh\"\n";
			showEnvVarsInLog = 0;
		};
/* End PBXShellScriptBuildPhase section */

/* Begin PBXSourcesBuildPhase section */
		9F93946C1C88AC80009E6DDF /* Sources */ = {
			isa = PBXSourcesBuildPhase;
			buildActionMask = 2147483647;
			files = (
				9F9394731C88AC80009E6DDF /* BasketballUITests.m in Sources */,
			);
			runOnlyForDeploymentPostprocessing = 0;
		};
		9F93947A1C88AC8C009E6DDF /* Sources */ = {
			isa = PBXSourcesBuildPhase;
			buildActionMask = 2147483647;
			files = (
				9F9394811C88AC8C009E6DDF /* BasketballTests.m in Sources */,
			);
			runOnlyForDeploymentPostprocessing = 0;
		};
		9F9617631C83D6B00078FB3C /* Sources */ = {
			isa = PBXSourcesBuildPhase;
			buildActionMask = 2147483647;
			files = (
				9F9617DB1C83EDEE0078FB3C /* BBBaseViewController.m in Sources */,
				9F9617D21C83E9440078FB3C /* main.m in Sources */,
				9F244CFD1C8527D500A388F6 /* BBResponseSerializer.m in Sources */,
				9F9617D81C83EDC60078FB3C /* BBModel.m in Sources */,
				9F9394541C8893C9009E6DDF /* BBStepCountingMainViewController.m in Sources */,
				9F244CFC1C8527D500A388F6 /* BBNetworkApiManager.m in Sources */,
				9F93946B1C88AC48009E6DDF /* BBNotificationDefine.m in Sources */,
				9F93945F1C88968D009E6DDF /* BBStepCountingService.m in Sources */,
				9F9617D51C83ED860078FB3C /* BBTabBarController.m in Sources */,
				9F9617E11C83F17A0078FB3C /* BBNavigationController.m in Sources */,
				9F9617CE1C83E9440078FB3C /* AppDelegate.m in Sources */,
				9F9617DE1C83EF400078FB3C /* BBTabBar.m in Sources */,
				9F93945A1C88946F009E6DDF /* BBStepCountingManager.m in Sources */,
			);
			runOnlyForDeploymentPostprocessing = 0;
		};
/* End PBXSourcesBuildPhase section */

/* Begin PBXTargetDependency section */
		9F9394761C88AC80009E6DDF /* PBXTargetDependency */ = {
			isa = PBXTargetDependency;
			target = 9F9617661C83D6B00078FB3C /* Basketball */;
			targetProxy = 9F9394751C88AC80009E6DDF /* PBXContainerItemProxy */;
		};
		9F9394841C88AC8C009E6DDF /* PBXTargetDependency */ = {
			isa = PBXTargetDependency;
			target = 9F9617661C83D6B00078FB3C /* Basketball */;
			targetProxy = 9F9394831C88AC8C009E6DDF /* PBXContainerItemProxy */;
		};
/* End PBXTargetDependency section */

/* Begin PBXVariantGroup section */
		9F9617C61C83E9440078FB3C /* LaunchScreen.storyboard */ = {
			isa = PBXVariantGroup;
			children = (
				9F9617C71C83E9440078FB3C /* Base */,
			);
			name = LaunchScreen.storyboard;
			sourceTree = "<group>";
		};
/* End PBXVariantGroup section */

/* Begin XCBuildConfiguration section */
		9F9394781C88AC80009E6DDF /* Debug */ = {
			isa = XCBuildConfiguration;
			buildSettings = {
				INFOPLIST_FILE = BasketballUITests/Info.plist;
				LD_RUNPATH_SEARCH_PATHS = "$(inherited) @executable_path/Frameworks @loader_path/Frameworks";
				PRODUCT_BUNDLE_IDENTIFIER = com.basketball.BasketballUITests;
				PRODUCT_NAME = "$(TARGET_NAME)";
				TEST_TARGET_NAME = Basketball;
				USES_XCTRUNNER = YES;
			};
			name = Debug;
		};
		9F9394791C88AC80009E6DDF /* Release */ = {
			isa = XCBuildConfiguration;
			buildSettings = {
				INFOPLIST_FILE = BasketballUITests/Info.plist;
				LD_RUNPATH_SEARCH_PATHS = "$(inherited) @executable_path/Frameworks @loader_path/Frameworks";
				PRODUCT_BUNDLE_IDENTIFIER = com.basketball.BasketballUITests;
				PRODUCT_NAME = "$(TARGET_NAME)";
				TEST_TARGET_NAME = Basketball;
				USES_XCTRUNNER = YES;
			};
			name = Release;
		};
		9F9394861C88AC8C009E6DDF /* Debug */ = {
			isa = XCBuildConfiguration;
			buildSettings = {
				BUNDLE_LOADER = "$(TEST_HOST)";
				INFOPLIST_FILE = BasketballTests/Info.plist;
				LD_RUNPATH_SEARCH_PATHS = "$(inherited) @executable_path/Frameworks @loader_path/Frameworks";
				PRODUCT_BUNDLE_IDENTIFIER = com.basketball.BasketballTests;
				PRODUCT_NAME = "$(TARGET_NAME)";
				TEST_HOST = "$(BUILT_PRODUCTS_DIR)/Basketball.app/Basketball";
			};
			name = Debug;
		};
		9F9394871C88AC8C009E6DDF /* Release */ = {
			isa = XCBuildConfiguration;
			buildSettings = {
				BUNDLE_LOADER = "$(TEST_HOST)";
				INFOPLIST_FILE = BasketballTests/Info.plist;
				LD_RUNPATH_SEARCH_PATHS = "$(inherited) @executable_path/Frameworks @loader_path/Frameworks";
				PRODUCT_BUNDLE_IDENTIFIER = com.basketball.BasketballTests;
				PRODUCT_NAME = "$(TARGET_NAME)";
				TEST_HOST = "$(BUILT_PRODUCTS_DIR)/Basketball.app/Basketball";
			};
			name = Release;
		};
		9F9617921C83D6B10078FB3C /* Debug */ = {
			isa = XCBuildConfiguration;
			buildSettings = {
				ALWAYS_SEARCH_USER_PATHS = NO;
				CLANG_CXX_LANGUAGE_STANDARD = "gnu++0x";
				CLANG_CXX_LIBRARY = "libc++";
				CLANG_ENABLE_MODULES = YES;
				CLANG_ENABLE_OBJC_ARC = YES;
				CLANG_WARN_BOOL_CONVERSION = YES;
				CLANG_WARN_CONSTANT_CONVERSION = YES;
				CLANG_WARN_DIRECT_OBJC_ISA_USAGE = YES_ERROR;
				CLANG_WARN_EMPTY_BODY = YES;
				CLANG_WARN_ENUM_CONVERSION = YES;
				CLANG_WARN_INT_CONVERSION = YES;
				CLANG_WARN_OBJC_ROOT_CLASS = YES_ERROR;
				CLANG_WARN_UNREACHABLE_CODE = YES;
				CLANG_WARN__DUPLICATE_METHOD_MATCH = YES;
				"CODE_SIGN_IDENTITY[sdk=iphoneos*]" = "iPhone Developer";
				COPY_PHASE_STRIP = NO;
				DEBUG_INFORMATION_FORMAT = dwarf;
				ENABLE_STRICT_OBJC_MSGSEND = YES;
				ENABLE_TESTABILITY = YES;
				GCC_C_LANGUAGE_STANDARD = gnu99;
				GCC_DYNAMIC_NO_PIC = NO;
				GCC_NO_COMMON_BLOCKS = YES;
				GCC_OPTIMIZATION_LEVEL = 0;
				GCC_PREPROCESSOR_DEFINITIONS = (
					"DEBUG=1",
					"$(inherited)",
				);
				GCC_WARN_64_TO_32_BIT_CONVERSION = YES;
				GCC_WARN_ABOUT_RETURN_TYPE = YES_ERROR;
				GCC_WARN_UNDECLARED_SELECTOR = YES;
				GCC_WARN_UNINITIALIZED_AUTOS = YES_AGGRESSIVE;
				GCC_WARN_UNUSED_FUNCTION = YES;
				GCC_WARN_UNUSED_VARIABLE = YES;
				IPHONEOS_DEPLOYMENT_TARGET = 9.2;
				MTL_ENABLE_DEBUG_INFO = YES;
				ONLY_ACTIVE_ARCH = YES;
				SDKROOT = iphoneos;
			};
			name = Debug;
		};
		9F9617931C83D6B10078FB3C /* Release */ = {
			isa = XCBuildConfiguration;
			buildSettings = {
				ALWAYS_SEARCH_USER_PATHS = NO;
				CLANG_CXX_LANGUAGE_STANDARD = "gnu++0x";
				CLANG_CXX_LIBRARY = "libc++";
				CLANG_ENABLE_MODULES = YES;
				CLANG_ENABLE_OBJC_ARC = YES;
				CLANG_WARN_BOOL_CONVERSION = YES;
				CLANG_WARN_CONSTANT_CONVERSION = YES;
				CLANG_WARN_DIRECT_OBJC_ISA_USAGE = YES_ERROR;
				CLANG_WARN_EMPTY_BODY = YES;
				CLANG_WARN_ENUM_CONVERSION = YES;
				CLANG_WARN_INT_CONVERSION = YES;
				CLANG_WARN_OBJC_ROOT_CLASS = YES_ERROR;
				CLANG_WARN_UNREACHABLE_CODE = YES;
				CLANG_WARN__DUPLICATE_METHOD_MATCH = YES;
				"CODE_SIGN_IDENTITY[sdk=iphoneos*]" = "iPhone Developer";
				COPY_PHASE_STRIP = NO;
				DEBUG_INFORMATION_FORMAT = "dwarf-with-dsym";
				ENABLE_NS_ASSERTIONS = NO;
				ENABLE_STRICT_OBJC_MSGSEND = YES;
				GCC_C_LANGUAGE_STANDARD = gnu99;
				GCC_NO_COMMON_BLOCKS = YES;
				GCC_WARN_64_TO_32_BIT_CONVERSION = YES;
				GCC_WARN_ABOUT_RETURN_TYPE = YES_ERROR;
				GCC_WARN_UNDECLARED_SELECTOR = YES;
				GCC_WARN_UNINITIALIZED_AUTOS = YES_AGGRESSIVE;
				GCC_WARN_UNUSED_FUNCTION = YES;
				GCC_WARN_UNUSED_VARIABLE = YES;
				IPHONEOS_DEPLOYMENT_TARGET = 9.2;
				MTL_ENABLE_DEBUG_INFO = NO;
				SDKROOT = iphoneos;
				VALIDATE_PRODUCT = YES;
			};
			name = Release;
		};
		9F9617951C83D6B10078FB3C /* Debug */ = {
			isa = XCBuildConfiguration;
			baseConfigurationReference = 660EF624F264D7C9E5A7DE97 /* Pods-Basketball.debug.xcconfig */;
			buildSettings = {
				ASSETCATALOG_COMPILER_APPICON_NAME = AppIcon;
				CODE_SIGN_IDENTITY = "iPhone Developer";
				GCC_INCREASE_PRECOMPILED_HEADER_SHARING = NO;
				GCC_PREFIX_HEADER = "${SRCROOT}/Basketball/SupportingFiles/PrefixHeader.pch";
				INFOPLIST_FILE = "$(SRCROOT)/Basketball/SupportingFiles/Info.plist";
				LD_RUNPATH_SEARCH_PATHS = "$(inherited) @executable_path/Frameworks";
				PRODUCT_BUNDLE_IDENTIFIER = com.allen.basketball.Basketball;
				PRODUCT_NAME = "$(TARGET_NAME)";
			};
			name = Debug;
		};
		9F9617961C83D6B10078FB3C /* Release */ = {
			isa = XCBuildConfiguration;
			baseConfigurationReference = 0D1289D0FCCF9F7A978AF9AA /* Pods-Basketball.release.xcconfig */;
			buildSettings = {
				ASSETCATALOG_COMPILER_APPICON_NAME = AppIcon;
				CODE_SIGN_IDENTITY = "iPhone Developer";
				GCC_INCREASE_PRECOMPILED_HEADER_SHARING = NO;
				GCC_PREFIX_HEADER = "${SRCROOT}/Basketball/SupportingFiles/PrefixHeader.pch";
				INFOPLIST_FILE = "$(SRCROOT)/Basketball/SupportingFiles/Info.plist";
				LD_RUNPATH_SEARCH_PATHS = "$(inherited) @executable_path/Frameworks";
				PRODUCT_BUNDLE_IDENTIFIER = com.allen.basketball.Basketball;
				PRODUCT_NAME = "$(TARGET_NAME)";
			};
			name = Release;
		};
/* End XCBuildConfiguration section */

/* Begin XCConfigurationList section */
		9F9394771C88AC80009E6DDF /* Build configuration list for PBXNativeTarget "BasketballUITests" */ = {
			isa = XCConfigurationList;
			buildConfigurations = (
				9F9394781C88AC80009E6DDF /* Debug */,
				9F9394791C88AC80009E6DDF /* Release */,
			);
			defaultConfigurationIsVisible = 0;
		};
		9F9394851C88AC8C009E6DDF /* Build configuration list for PBXNativeTarget "BasketballTests" */ = {
			isa = XCConfigurationList;
			buildConfigurations = (
				9F9394861C88AC8C009E6DDF /* Debug */,
				9F9394871C88AC8C009E6DDF /* Release */,
			);
			defaultConfigurationIsVisible = 0;
		};
		9F9617621C83D6B00078FB3C /* Build configuration list for PBXProject "Basketball" */ = {
			isa = XCConfigurationList;
			buildConfigurations = (
				9F9617921C83D6B10078FB3C /* Debug */,
				9F9617931C83D6B10078FB3C /* Release */,
			);
			defaultConfigurationIsVisible = 0;
			defaultConfigurationName = Release;
		};
		9F9617941C83D6B10078FB3C /* Build configuration list for PBXNativeTarget "Basketball" */ = {
			isa = XCConfigurationList;
			buildConfigurations = (
				9F9617951C83D6B10078FB3C /* Debug */,
				9F9617961C83D6B10078FB3C /* Release */,
			);
			defaultConfigurationIsVisible = 0;
			defaultConfigurationName = Release;
		};
/* End XCConfigurationList section */
	};
	rootObject = 9F96175F1C83D6B00078FB3C /* Project object */;
}
